
Microsoft Visual Studio Solution File, Format Version 12.00
# Visual Studio Version 17
VisualStudioVersion = 17.5.002.0
MinimumVisualStudioVersion = 10.0.40219.1
Project("{9A19103F-16F7-4668-BE54-9A1E7A4F7556}") = "proyectodotnet", "proyectodotnet.csproj", "{EC6E9310-0E3A-462D-A4BC-013A94B73206}"
EndProject
Global
	GlobalSection(SolutionConfigurationPlatforms) = preSolution
		Debug|Any CPU = Debug|Any CPU
		Release|Any CPU = Release|Any CPU
	EndGlobalSection
	GlobalSection(ProjectConfigurationPlatforms) = postSolution
		{EC6E9310-0E3A-462D-A4BC-013A94B73206}.Debug|Any CPU.ActiveCfg = Debug|Any CPU
		{EC6E9310-0E3A-462D-A4BC-013A94B73206}.Debug|Any CPU.Build.0 = Debug|Any CPU
		{EC6E9310-0E3A-462D-A4BC-013A94B73206}.Release|Any CPU.ActiveCfg = Release|Any CPU
		{EC6E9310-0E3A-462D-A4BC-013A94B73206}.Release|Any CPU.Build.0 = Release|Any CPU
	EndGlobalSection
	GlobalSection(SolutionProperties) = preSolution
		HideSolutionNode = FALSE
	EndGlobalSection
	GlobalSection(ExtensibilityGlobals) = postSolution
		SolutionGuid = {C1B769F2-6FBA-4703-9C4B-EF70C0456D58}
	EndGlobalSection
EndGlobal
